// !$*UTF8*$!
{
	archiveVersion = 1;
	classes = {
	};
	objectVersion = 50;
	objects = {

/* Begin PBXBuildFile section */
		111788C52271F15F00CDCCE8 /* AppDelegate.swift in Sources */ = {isa = PBXBuildFile; fileRef = 111788C42271F15F00CDCCE8 /* AppDelegate.swift */; };
		111788C72271F15F00CDCCE8 /* ViewController.swift in Sources */ = {isa = PBXBuildFile; fileRef = 111788C62271F15F00CDCCE8 /* ViewController.swift */; };
		111788CA2271F15F00CDCCE8 /* Main.storyboard in Resources */ = {isa = PBXBuildFile; fileRef = 111788C82271F15F00CDCCE8 /* Main.storyboard */; };
		111788CC2271F16000CDCCE8 /* Assets.xcassets in Resources */ = {isa = PBXBuildFile; fileRef = 111788CB2271F16000CDCCE8 /* Assets.xcassets */; };
		111788CF2271F16000CDCCE8 /* LaunchScreen.storyboard in Resources */ = {isa = PBXBuildFile; fileRef = 111788CD2271F16000CDCCE8 /* LaunchScreen.storyboard */; };
		111788DA2271F16000CDCCE8 /* MuffleTests.swift in Sources */ = {isa = PBXBuildFile; fileRef = 111788D92271F16000CDCCE8 /* MuffleTests.swift */; };
		111788E52271F16000CDCCE8 /* MuffleUITests.swift in Sources */ = {isa = PBXBuildFile; fileRef = 111788E42271F16000CDCCE8 /* MuffleUITests.swift */; };
		113AC21C2289E940004043B5 /* TabBarViewController.swift in Sources */ = {isa = PBXBuildFile; fileRef = 113AC21B2289E940004043B5 /* TabBarViewController.swift */; };
		113F14EA2281C48100A7811F /* Role.swift in Sources */ = {isa = PBXBuildFile; fileRef = 113F14E92281C48100A7811F /* Role.swift */; };
		1154911A227C561C009A590A /* AuthViewController.swift in Sources */ = {isa = PBXBuildFile; fileRef = 11549119227C561C009A590A /* AuthViewController.swift */; };
		1154911C227C56B7009A590A /* RestApiManager.swift in Sources */ = {isa = PBXBuildFile; fileRef = 1154911B227C56B7009A590A /* RestApiManager.swift */; };
		1154911E227C58FB009A590A /* DownloadManager.swift in Sources */ = {isa = PBXBuildFile; fileRef = 1154911D227C58FB009A590A /* DownloadManager.swift */; };
		116669E7227AF2A5007E1D05 /* Song.swift in Sources */ = {isa = PBXBuildFile; fileRef = 116669E6227AF2A5007E1D05 /* Song.swift */; };
		116669E9227AF2B7007E1D05 /* User.swift in Sources */ = {isa = PBXBuildFile; fileRef = 116669E8227AF2B7007E1D05 /* User.swift */; };
		116669EB227AF2D3007E1D05 /* Playlist.swift in Sources */ = {isa = PBXBuildFile; fileRef = 116669EA227AF2D3007E1D05 /* Playlist.swift */; };
		116669EE227B3168007E1D05 /* Model.swift in Sources */ = {isa = PBXBuildFile; fileRef = 116669ED227B3168007E1D05 /* Model.swift */; };
		11BCD87F228D4C2F0039333E /* ShareViewController.swift in Sources */ = {isa = PBXBuildFile; fileRef = 11BCD87E228D4C2F0039333E /* ShareViewController.swift */; };
		11BCD882228D4C2F0039333E /* MainInterface.storyboard in Resources */ = {isa = PBXBuildFile; fileRef = 11BCD880228D4C2F0039333E /* MainInterface.storyboard */; };
		11BCD886228D4C2F0039333E /* MuffleShare.appex in Embed App Extensions */ = {isa = PBXBuildFile; fileRef = 11BCD87C228D4C2F0039333E /* MuffleShare.appex */; settings = {ATTRIBUTES = (RemoveHeadersOnCopy, ); }; };
		EE332E9122919A9F00FAE2F5 /* CollectionViewController.swift in Sources */ = {isa = PBXBuildFile; fileRef = EE332E9022919A9F00FAE2F5 /* CollectionViewController.swift */; };
		EE4B884F22933EB1000E8A8D /* PlayingViewController.swift in Sources */ = {isa = PBXBuildFile; fileRef = EE4B884E22933EB1000E8A8D /* PlayingViewController.swift */; };
		EE4B885322933F0A000E8A8D /* Punk.mp3 in Resources */ = {isa = PBXBuildFile; fileRef = EE4B885022933F09000E8A8D /* Punk.mp3 */; };
		EE4B885422933F0A000E8A8D /* Sum 41 - Fatlip.mp3 in Resources */ = {isa = PBXBuildFile; fileRef = EE4B885122933F09000E8A8D /* Sum 41 - Fatlip.mp3 */; };
		EE4B885522933F0A000E8A8D /* My Chemical Romance - The Sharpest Lives.mp3 in Resources */ = {isa = PBXBuildFile; fileRef = EE4B885222933F0A000E8A8D /* My Chemical Romance - The Sharpest Lives.mp3 */; };
		EE619C8F229C1AE40030CC68 /* PopUpVC.swift in Sources */ = {isa = PBXBuildFile; fileRef = EE619C8E229C1AE40030CC68 /* PopUpVC.swift */; };
		EE6DBF3422918B6C00613C10 /* InsideCollectionViewCell.swift in Sources */ = {isa = PBXBuildFile; fileRef = EE6DBF3322918B6C00613C10 /* InsideCollectionViewCell.swift */; };
		EE6DBF3822918E2100613C10 /* PlaylistViewController.swift in Sources */ = {isa = PBXBuildFile; fileRef = EE6DBF3722918E2100613C10 /* PlaylistViewController.swift */; };
/* End PBXBuildFile section */

/* Begin PBXContainerItemProxy section */
		111788D62271F16000CDCCE8 /* PBXContainerItemProxy */ = {
			isa = PBXContainerItemProxy;
			containerPortal = 111788B92271F15F00CDCCE8 /* Project object */;
			proxyType = 1;
			remoteGlobalIDString = 111788C02271F15F00CDCCE8;
			remoteInfo = Muffle;
		};
		111788E12271F16000CDCCE8 /* PBXContainerItemProxy */ = {
			isa = PBXContainerItemProxy;
			containerPortal = 111788B92271F15F00CDCCE8 /* Project object */;
			proxyType = 1;
			remoteGlobalIDString = 111788C02271F15F00CDCCE8;
			remoteInfo = Muffle;
		};
		11BCD884228D4C2F0039333E /* PBXContainerItemProxy */ = {
			isa = PBXContainerItemProxy;
			containerPortal = 111788B92271F15F00CDCCE8 /* Project object */;
			proxyType = 1;
			remoteGlobalIDString = 11BCD87B228D4C2F0039333E;
			remoteInfo = MuffleShare;
		};
/* End PBXContainerItemProxy section */

/* Begin PBXCopyFilesBuildPhase section */
		11435EE5228D45CC00BD9BDF /* Embed App Extensions */ = {
			isa = PBXCopyFilesBuildPhase;
			buildActionMask = 2147483647;
			dstPath = "";
			dstSubfolderSpec = 13;
			files = (
				11BCD886228D4C2F0039333E /* MuffleShare.appex in Embed App Extensions */,
			);
			name = "Embed App Extensions";
			runOnlyForDeploymentPostprocessing = 0;
		};
/* End PBXCopyFilesBuildPhase section */

/* Begin PBXFileReference section */
		111788C12271F15F00CDCCE8 /* Muffle.app */ = {isa = PBXFileReference; explicitFileType = wrapper.application; includeInIndex = 0; path = Muffle.app; sourceTree = BUILT_PRODUCTS_DIR; };
		111788C42271F15F00CDCCE8 /* AppDelegate.swift */ = {isa = PBXFileReference; lastKnownFileType = sourcecode.swift; path = AppDelegate.swift; sourceTree = "<group>"; };
		111788C62271F15F00CDCCE8 /* ViewController.swift */ = {isa = PBXFileReference; lastKnownFileType = sourcecode.swift; path = ViewController.swift; sourceTree = "<group>"; };
		111788C92271F15F00CDCCE8 /* Base */ = {isa = PBXFileReference; lastKnownFileType = file.storyboard; name = Base; path = Base.lproj/Main.storyboard; sourceTree = "<group>"; };
		111788CB2271F16000CDCCE8 /* Assets.xcassets */ = {isa = PBXFileReference; lastKnownFileType = folder.assetcatalog; path = Assets.xcassets; sourceTree = "<group>"; };
		111788CE2271F16000CDCCE8 /* Base */ = {isa = PBXFileReference; lastKnownFileType = file.storyboard; name = Base; path = Base.lproj/LaunchScreen.storyboard; sourceTree = "<group>"; };
		111788D02271F16000CDCCE8 /* Info.plist */ = {isa = PBXFileReference; lastKnownFileType = text.plist.xml; path = Info.plist; sourceTree = "<group>"; };
		111788D52271F16000CDCCE8 /* MuffleTests.xctest */ = {isa = PBXFileReference; explicitFileType = wrapper.cfbundle; includeInIndex = 0; path = MuffleTests.xctest; sourceTree = BUILT_PRODUCTS_DIR; };
		111788D92271F16000CDCCE8 /* MuffleTests.swift */ = {isa = PBXFileReference; lastKnownFileType = sourcecode.swift; path = MuffleTests.swift; sourceTree = "<group>"; };
		111788DB2271F16000CDCCE8 /* Info.plist */ = {isa = PBXFileReference; lastKnownFileType = text.plist.xml; path = Info.plist; sourceTree = "<group>"; };
		111788E02271F16000CDCCE8 /* MuffleUITests.xctest */ = {isa = PBXFileReference; explicitFileType = wrapper.cfbundle; includeInIndex = 0; path = MuffleUITests.xctest; sourceTree = BUILT_PRODUCTS_DIR; };
		111788E42271F16000CDCCE8 /* MuffleUITests.swift */ = {isa = PBXFileReference; lastKnownFileType = sourcecode.swift; path = MuffleUITests.swift; sourceTree = "<group>"; };
		111788E62271F16000CDCCE8 /* Info.plist */ = {isa = PBXFileReference; lastKnownFileType = text.plist.xml; path = Info.plist; sourceTree = "<group>"; };
		113AC21B2289E940004043B5 /* TabBarViewController.swift */ = {isa = PBXFileReference; lastKnownFileType = sourcecode.swift; path = TabBarViewController.swift; sourceTree = "<group>"; };
		113F14E92281C48100A7811F /* Role.swift */ = {isa = PBXFileReference; lastKnownFileType = sourcecode.swift; path = Role.swift; sourceTree = "<group>"; };
		11435ED7228D45CC00BD9BDF /* ShareToMuffle.appex */ = {isa = PBXFileReference; explicitFileType = "wrapper.app-extension"; includeInIndex = 0; path = ShareToMuffle.appex; sourceTree = BUILT_PRODUCTS_DIR; };
		11549119227C561C009A590A /* AuthViewController.swift */ = {isa = PBXFileReference; lastKnownFileType = sourcecode.swift; path = AuthViewController.swift; sourceTree = "<group>"; };
		1154911B227C56B7009A590A /* RestApiManager.swift */ = {isa = PBXFileReference; lastKnownFileType = sourcecode.swift; path = RestApiManager.swift; sourceTree = "<group>"; };
		1154911D227C58FB009A590A /* DownloadManager.swift */ = {isa = PBXFileReference; lastKnownFileType = sourcecode.swift; path = DownloadManager.swift; sourceTree = "<group>"; };
		116669E6227AF2A5007E1D05 /* Song.swift */ = {isa = PBXFileReference; lastKnownFileType = sourcecode.swift; path = Song.swift; sourceTree = "<group>"; };
		116669E8227AF2B7007E1D05 /* User.swift */ = {isa = PBXFileReference; lastKnownFileType = sourcecode.swift; path = User.swift; sourceTree = "<group>"; };
		116669EA227AF2D3007E1D05 /* Playlist.swift */ = {isa = PBXFileReference; lastKnownFileType = sourcecode.swift; path = Playlist.swift; sourceTree = "<group>"; };
		116669ED227B3168007E1D05 /* Model.swift */ = {isa = PBXFileReference; lastKnownFileType = sourcecode.swift; path = Model.swift; sourceTree = "<group>"; };
		11BCD87C228D4C2F0039333E /* MuffleShare.appex */ = {isa = PBXFileReference; explicitFileType = "wrapper.app-extension"; includeInIndex = 0; path = MuffleShare.appex; sourceTree = BUILT_PRODUCTS_DIR; };
		11BCD87E228D4C2F0039333E /* ShareViewController.swift */ = {isa = PBXFileReference; lastKnownFileType = sourcecode.swift; path = ShareViewController.swift; sourceTree = "<group>"; };
		11BCD881228D4C2F0039333E /* Base */ = {isa = PBXFileReference; lastKnownFileType = file.storyboard; name = Base; path = Base.lproj/MainInterface.storyboard; sourceTree = "<group>"; };
		11BCD883228D4C2F0039333E /* Info.plist */ = {isa = PBXFileReference; lastKnownFileType = text.plist.xml; path = Info.plist; sourceTree = "<group>"; };
		EE332E9022919A9F00FAE2F5 /* CollectionViewController.swift */ = {isa = PBXFileReference; lastKnownFileType = sourcecode.swift; path = CollectionViewController.swift; sourceTree = "<group>"; };
		EE4B884E22933EB1000E8A8D /* PlayingViewController.swift */ = {isa = PBXFileReference; lastKnownFileType = sourcecode.swift; path = PlayingViewController.swift; sourceTree = "<group>"; };
		EE4B885022933F09000E8A8D /* Punk.mp3 */ = {isa = PBXFileReference; lastKnownFileType = audio.mp3; path = Punk.mp3; sourceTree = "<group>"; };
		EE4B885122933F09000E8A8D /* Sum 41 - Fatlip.mp3 */ = {isa = PBXFileReference; lastKnownFileType = audio.mp3; path = "Sum 41 - Fatlip.mp3"; sourceTree = "<group>"; };
		EE4B885222933F0A000E8A8D /* My Chemical Romance - The Sharpest Lives.mp3 */ = {isa = PBXFileReference; lastKnownFileType = audio.mp3; path = "My Chemical Romance - The Sharpest Lives.mp3"; sourceTree = "<group>"; };
		EE619C8E229C1AE40030CC68 /* PopUpVC.swift */ = {isa = PBXFileReference; lastKnownFileType = sourcecode.swift; path = PopUpVC.swift; sourceTree = "<group>"; };
		EE6DBF3322918B6C00613C10 /* InsideCollectionViewCell.swift */ = {isa = PBXFileReference; lastKnownFileType = sourcecode.swift; path = InsideCollectionViewCell.swift; sourceTree = "<group>"; };
		EE6DBF3722918E2100613C10 /* PlaylistViewController.swift */ = {isa = PBXFileReference; lastKnownFileType = sourcecode.swift; path = PlaylistViewController.swift; sourceTree = "<group>"; };
/* End PBXFileReference section */

/* Begin PBXFrameworksBuildPhase section */
		111788BE2271F15F00CDCCE8 /* Frameworks */ = {
			isa = PBXFrameworksBuildPhase;
			buildActionMask = 2147483647;
			files = (
			);
			runOnlyForDeploymentPostprocessing = 0;
		};
		111788D22271F16000CDCCE8 /* Frameworks */ = {
			isa = PBXFrameworksBuildPhase;
			buildActionMask = 2147483647;
			files = (
			);
			runOnlyForDeploymentPostprocessing = 0;
		};
		111788DD2271F16000CDCCE8 /* Frameworks */ = {
			isa = PBXFrameworksBuildPhase;
			buildActionMask = 2147483647;
			files = (
			);
			runOnlyForDeploymentPostprocessing = 0;
		};
		11435ED4228D45CC00BD9BDF /* Frameworks */ = {
			isa = PBXFrameworksBuildPhase;
			buildActionMask = 2147483647;
			files = (
			);
			runOnlyForDeploymentPostprocessing = 0;
		};
		11BCD879228D4C2F0039333E /* Frameworks */ = {
			isa = PBXFrameworksBuildPhase;
			buildActionMask = 2147483647;
			files = (
			);
			runOnlyForDeploymentPostprocessing = 0;
		};
/* End PBXFrameworksBuildPhase section */

/* Begin PBXGroup section */
		111788B82271F15F00CDCCE8 = {
			isa = PBXGroup;
			children = (
				111788C32271F15F00CDCCE8 /* Muffle */,
				111788D82271F16000CDCCE8 /* MuffleTests */,
				111788E32271F16000CDCCE8 /* MuffleUITests */,
				11BCD87D228D4C2F0039333E /* MuffleShare */,
				111788C22271F15F00CDCCE8 /* Products */,
			);
			sourceTree = "<group>";
		};
		111788C22271F15F00CDCCE8 /* Products */ = {
			isa = PBXGroup;
			children = (
				111788C12271F15F00CDCCE8 /* Muffle.app */,
				111788D52271F16000CDCCE8 /* MuffleTests.xctest */,
				111788E02271F16000CDCCE8 /* MuffleUITests.xctest */,
				11435ED7228D45CC00BD9BDF /* ShareToMuffle.appex */,
				11BCD87C228D4C2F0039333E /* MuffleShare.appex */,
			);
			name = Products;
			sourceTree = "<group>";
		};
		111788C32271F15F00CDCCE8 /* Muffle */ = {
			isa = PBXGroup;
			children = (
				EE4B884D22933E93000E8A8D /* Playing */,
				EE6DBF3222918B2A00613C10 /* Playlist */,
				11549118227C54B9009A590A /* Helper */,
				11549116227C4F6F009A590A /* Controller */,
				116669E5227AF293007E1D05 /* Entities */,
				116669E4227AF12E007E1D05 /* Models */,
				111788F22271F16900CDCCE8 /* asssets */,
				111788C42271F15F00CDCCE8 /* AppDelegate.swift */,
				111788C62271F15F00CDCCE8 /* ViewController.swift */,
				111788C82271F15F00CDCCE8 /* Main.storyboard */,
				111788CB2271F16000CDCCE8 /* Assets.xcassets */,
				111788CD2271F16000CDCCE8 /* LaunchScreen.storyboard */,
				111788D02271F16000CDCCE8 /* Info.plist */,
			);
			path = Muffle;
			sourceTree = "<group>";
		};
		111788D82271F16000CDCCE8 /* MuffleTests */ = {
			isa = PBXGroup;
			children = (
				111788D92271F16000CDCCE8 /* MuffleTests.swift */,
				111788DB2271F16000CDCCE8 /* Info.plist */,
			);
			path = MuffleTests;
			sourceTree = "<group>";
		};
		111788E32271F16000CDCCE8 /* MuffleUITests */ = {
			isa = PBXGroup;
			children = (
				111788E42271F16000CDCCE8 /* MuffleUITests.swift */,
				111788E62271F16000CDCCE8 /* Info.plist */,
			);
			path = MuffleUITests;
			sourceTree = "<group>";
		};
		111788F22271F16900CDCCE8 /* asssets */ = {
			isa = PBXGroup;
			children = (
			);
			path = asssets;
			sourceTree = "<group>";
		};
		11549116227C4F6F009A590A /* Controller */ = {
			isa = PBXGroup;
			children = (
				11549119227C561C009A590A /* AuthViewController.swift */,
				113AC21B2289E940004043B5 /* TabBarViewController.swift */,
			);
			path = Controller;
			sourceTree = "<group>";
		};
		11549118227C54B9009A590A /* Helper */ = {
			isa = PBXGroup;
			children = (
				1154911B227C56B7009A590A /* RestApiManager.swift */,
				1154911D227C58FB009A590A /* DownloadManager.swift */,
			);
			path = Helper;
			sourceTree = "<group>";
		};
		116669E4227AF12E007E1D05 /* Models */ = {
			isa = PBXGroup;
			children = (
				116669ED227B3168007E1D05 /* Model.swift */,
			);
			path = Models;
			sourceTree = "<group>";
		};
		116669E5227AF293007E1D05 /* Entities */ = {
			isa = PBXGroup;
			children = (
				116669E6227AF2A5007E1D05 /* Song.swift */,
				116669E8227AF2B7007E1D05 /* User.swift */,
				116669EA227AF2D3007E1D05 /* Playlist.swift */,
				113F14E92281C48100A7811F /* Role.swift */,
			);
			path = Entities;
			sourceTree = "<group>";
		};
		11BCD87D228D4C2F0039333E /* MuffleShare */ = {
			isa = PBXGroup;
			children = (
				11BCD87E228D4C2F0039333E /* ShareViewController.swift */,
				11BCD880228D4C2F0039333E /* MainInterface.storyboard */,
				11BCD883228D4C2F0039333E /* Info.plist */,
			);
			path = MuffleShare;
			sourceTree = "<group>";
		};
		EE4B884D22933E93000E8A8D /* Playing */ = {
			isa = PBXGroup;
			children = (
				EE4B884E22933EB1000E8A8D /* PlayingViewController.swift */,
				EE4B885222933F0A000E8A8D /* My Chemical Romance - The Sharpest Lives.mp3 */,
				EE4B885022933F09000E8A8D /* Punk.mp3 */,
				EE4B885122933F09000E8A8D /* Sum 41 - Fatlip.mp3 */,
			);
			path = Playing;
			sourceTree = "<group>";
		};
		EE6DBF3222918B2A00613C10 /* Playlist */ = {
			isa = PBXGroup;
			children = (
				EE619C8E229C1AE40030CC68 /* PopUpVC.swift */,
				EE332E9022919A9F00FAE2F5 /* CollectionViewController.swift */,
				EE6DBF3722918E2100613C10 /* PlaylistViewController.swift */,
				EE6DBF3322918B6C00613C10 /* InsideCollectionViewCell.swift */,
			);
			path = Playlist;
			sourceTree = "<group>";
		};
/* End PBXGroup section */

/* Begin PBXNativeTarget section */
		111788C02271F15F00CDCCE8 /* Muffle */ = {
			isa = PBXNativeTarget;
			buildConfigurationList = 111788E92271F16000CDCCE8 /* Build configuration list for PBXNativeTarget "Muffle" */;
			buildPhases = (
				111788BD2271F15F00CDCCE8 /* Sources */,
				111788BE2271F15F00CDCCE8 /* Frameworks */,
				111788BF2271F15F00CDCCE8 /* Resources */,
				11435EE5228D45CC00BD9BDF /* Embed App Extensions */,
			);
			buildRules = (
			);
			dependencies = (
				11BCD885228D4C2F0039333E /* PBXTargetDependency */,
			);
			name = Muffle;
			productName = Muffle;
			productReference = 111788C12271F15F00CDCCE8 /* Muffle.app */;
			productType = "com.apple.product-type.application";
		};
		111788D42271F16000CDCCE8 /* MuffleTests */ = {
			isa = PBXNativeTarget;
			buildConfigurationList = 111788EC2271F16000CDCCE8 /* Build configuration list for PBXNativeTarget "MuffleTests" */;
			buildPhases = (
				111788D12271F16000CDCCE8 /* Sources */,
				111788D22271F16000CDCCE8 /* Frameworks */,
				111788D32271F16000CDCCE8 /* Resources */,
			);
			buildRules = (
			);
			dependencies = (
				111788D72271F16000CDCCE8 /* PBXTargetDependency */,
			);
			name = MuffleTests;
			productName = MuffleTests;
			productReference = 111788D52271F16000CDCCE8 /* MuffleTests.xctest */;
			productType = "com.apple.product-type.bundle.unit-test";
		};
		111788DF2271F16000CDCCE8 /* MuffleUITests */ = {
			isa = PBXNativeTarget;
			buildConfigurationList = 111788EF2271F16000CDCCE8 /* Build configuration list for PBXNativeTarget "MuffleUITests" */;
			buildPhases = (
				111788DC2271F16000CDCCE8 /* Sources */,
				111788DD2271F16000CDCCE8 /* Frameworks */,
				111788DE2271F16000CDCCE8 /* Resources */,
			);
			buildRules = (
			);
			dependencies = (
				111788E22271F16000CDCCE8 /* PBXTargetDependency */,
			);
			name = MuffleUITests;
			productName = MuffleUITests;
			productReference = 111788E02271F16000CDCCE8 /* MuffleUITests.xctest */;
			productType = "com.apple.product-type.bundle.ui-testing";
		};
		11435ED6228D45CC00BD9BDF /* ShareToMuffle */ = {
			isa = PBXNativeTarget;
			buildConfigurationList = 11435EE4228D45CC00BD9BDF /* Build configuration list for PBXNativeTarget "ShareToMuffle" */;
			buildPhases = (
				11435ED3228D45CC00BD9BDF /* Sources */,
				11435ED4228D45CC00BD9BDF /* Frameworks */,
				11435ED5228D45CC00BD9BDF /* Resources */,
			);
			buildRules = (
			);
			dependencies = (
			);
			name = ShareToMuffle;
			productName = ShareToMuffle;
			productReference = 11435ED7228D45CC00BD9BDF /* ShareToMuffle.appex */;
			productType = "com.apple.product-type.app-extension";
		};
		11BCD87B228D4C2F0039333E /* MuffleShare */ = {
			isa = PBXNativeTarget;
			buildConfigurationList = 11BCD889228D4C2F0039333E /* Build configuration list for PBXNativeTarget "MuffleShare" */;
			buildPhases = (
				11BCD878228D4C2F0039333E /* Sources */,
				11BCD879228D4C2F0039333E /* Frameworks */,
				11BCD87A228D4C2F0039333E /* Resources */,
			);
			buildRules = (
			);
			dependencies = (
			);
			name = MuffleShare;
			productName = MuffleShare;
			productReference = 11BCD87C228D4C2F0039333E /* MuffleShare.appex */;
			productType = "com.apple.product-type.app-extension";
		};
/* End PBXNativeTarget section */

/* Begin PBXProject section */
		111788B92271F15F00CDCCE8 /* Project object */ = {
			isa = PBXProject;
			attributes = {
				LastSwiftUpdateCheck = 1020;
				LastUpgradeCheck = 1020;
				ORGANIZATIONNAME = "Stefan Scharinger";
				TargetAttributes = {
					111788C02271F15F00CDCCE8 = {
						CreatedOnToolsVersion = 10.2.1;
					};
					111788D42271F16000CDCCE8 = {
						CreatedOnToolsVersion = 10.2.1;
						TestTargetID = 111788C02271F15F00CDCCE8;
					};
					111788DF2271F16000CDCCE8 = {
						CreatedOnToolsVersion = 10.2.1;
						TestTargetID = 111788C02271F15F00CDCCE8;
					};
					11435ED6228D45CC00BD9BDF = {
						CreatedOnToolsVersion = 10.2.1;
					};
					11BCD87B228D4C2F0039333E = {
						CreatedOnToolsVersion = 10.2.1;
					};
				};
			};
			buildConfigurationList = 111788BC2271F15F00CDCCE8 /* Build configuration list for PBXProject "Muffle" */;
			compatibilityVersion = "Xcode 9.3";
			developmentRegion = en;
			hasScannedForEncodings = 0;
			knownRegions = (
				en,
				Base,
			);
			mainGroup = 111788B82271F15F00CDCCE8;
			productRefGroup = 111788C22271F15F00CDCCE8 /* Products */;
			projectDirPath = "";
			projectRoot = "";
			targets = (
				111788C02271F15F00CDCCE8 /* Muffle */,
				111788D42271F16000CDCCE8 /* MuffleTests */,
				111788DF2271F16000CDCCE8 /* MuffleUITests */,
				11435ED6228D45CC00BD9BDF /* ShareToMuffle */,
				11BCD87B228D4C2F0039333E /* MuffleShare */,
			);
		};
/* End PBXProject section */

/* Begin PBXResourcesBuildPhase section */
		111788BF2271F15F00CDCCE8 /* Resources */ = {
			isa = PBXResourcesBuildPhase;
			buildActionMask = 2147483647;
			files = (
				EE4B885522933F0A000E8A8D /* My Chemical Romance - The Sharpest Lives.mp3 in Resources */,
				111788CF2271F16000CDCCE8 /* LaunchScreen.storyboard in Resources */,
				EE4B885422933F0A000E8A8D /* Sum 41 - Fatlip.mp3 in Resources */,
				EE4B885322933F0A000E8A8D /* Punk.mp3 in Resources */,
				111788CC2271F16000CDCCE8 /* Assets.xcassets in Resources */,
				111788CA2271F15F00CDCCE8 /* Main.storyboard in Resources */,
			);
			runOnlyForDeploymentPostprocessing = 0;
		};
		111788D32271F16000CDCCE8 /* Resources */ = {
			isa = PBXResourcesBuildPhase;
			buildActionMask = 2147483647;
			files = (
			);
			runOnlyForDeploymentPostprocessing = 0;
		};
		111788DE2271F16000CDCCE8 /* Resources */ = {
			isa = PBXResourcesBuildPhase;
			buildActionMask = 2147483647;
			files = (
			);
			runOnlyForDeploymentPostprocessing = 0;
		};
		11435ED5228D45CC00BD9BDF /* Resources */ = {
			isa = PBXResourcesBuildPhase;
			buildActionMask = 2147483647;
			files = (
			);
			runOnlyForDeploymentPostprocessing = 0;
		};
		11BCD87A228D4C2F0039333E /* Resources */ = {
			isa = PBXResourcesBuildPhase;
			buildActionMask = 2147483647;
			files = (
				11BCD882228D4C2F0039333E /* MainInterface.storyboard in Resources */,
			);
			runOnlyForDeploymentPostprocessing = 0;
		};
/* End PBXResourcesBuildPhase section */

/* Begin PBXSourcesBuildPhase section */
		111788BD2271F15F00CDCCE8 /* Sources */ = {
			isa = PBXSourcesBuildPhase;
			buildActionMask = 2147483647;
			files = (
				1154911A227C561C009A590A /* AuthViewController.swift in Sources */,
				EE6DBF3822918E2100613C10 /* PlaylistViewController.swift in Sources */,
				EE6DBF3422918B6C00613C10 /* InsideCollectionViewCell.swift in Sources */,
				EE4B884F22933EB1000E8A8D /* PlayingViewController.swift in Sources */,
				116669E9227AF2B7007E1D05 /* User.swift in Sources */,
				EE619C8F229C1AE40030CC68 /* PopUpVC.swift in Sources */,
				EE332E9122919A9F00FAE2F5 /* CollectionViewController.swift in Sources */,
				1154911C227C56B7009A590A /* RestApiManager.swift in Sources */,
				116669E7227AF2A5007E1D05 /* Song.swift in Sources */,
				113AC21C2289E940004043B5 /* TabBarViewController.swift in Sources */,
				111788C72271F15F00CDCCE8 /* ViewController.swift in Sources */,
				116669EE227B3168007E1D05 /* Model.swift in Sources */,
				111788C52271F15F00CDCCE8 /* AppDelegate.swift in Sources */,
				1154911E227C58FB009A590A /* DownloadManager.swift in Sources */,
				116669EB227AF2D3007E1D05 /* Playlist.swift in Sources */,
				113F14EA2281C48100A7811F /* Role.swift in Sources */,
			);
			runOnlyForDeploymentPostprocessing = 0;
		};
		111788D12271F16000CDCCE8 /* Sources */ = {
			isa = PBXSourcesBuildPhase;
			buildActionMask = 2147483647;
			files = (
				111788DA2271F16000CDCCE8 /* MuffleTests.swift in Sources */,
			);
			runOnlyForDeploymentPostprocessing = 0;
		};
		111788DC2271F16000CDCCE8 /* Sources */ = {
			isa = PBXSourcesBuildPhase;
			buildActionMask = 2147483647;
			files = (
				111788E52271F16000CDCCE8 /* MuffleUITests.swift in Sources */,
			);
			runOnlyForDeploymentPostprocessing = 0;
		};
		11435ED3228D45CC00BD9BDF /* Sources */ = {
			isa = PBXSourcesBuildPhase;
			buildActionMask = 2147483647;
			files = (
			);
			runOnlyForDeploymentPostprocessing = 0;
		};
		11BCD878228D4C2F0039333E /* Sources */ = {
			isa = PBXSourcesBuildPhase;
			buildActionMask = 2147483647;
			files = (
				11BCD87F228D4C2F0039333E /* ShareViewController.swift in Sources */,
			);
			runOnlyForDeploymentPostprocessing = 0;
		};
/* End PBXSourcesBuildPhase section */

/* Begin PBXTargetDependency section */
		111788D72271F16000CDCCE8 /* PBXTargetDependency */ = {
			isa = PBXTargetDependency;
			target = 111788C02271F15F00CDCCE8 /* Muffle */;
			targetProxy = 111788D62271F16000CDCCE8 /* PBXContainerItemProxy */;
		};
		111788E22271F16000CDCCE8 /* PBXTargetDependency */ = {
			isa = PBXTargetDependency;
			target = 111788C02271F15F00CDCCE8 /* Muffle */;
			targetProxy = 111788E12271F16000CDCCE8 /* PBXContainerItemProxy */;
		};
		11BCD885228D4C2F0039333E /* PBXTargetDependency */ = {
			isa = PBXTargetDependency;
			target = 11BCD87B228D4C2F0039333E /* MuffleShare */;
			targetProxy = 11BCD884228D4C2F0039333E /* PBXContainerItemProxy */;
		};
/* End PBXTargetDependency section */

/* Begin PBXVariantGroup section */
		111788C82271F15F00CDCCE8 /* Main.storyboard */ = {
			isa = PBXVariantGroup;
			children = (
				111788C92271F15F00CDCCE8 /* Base */,
			);
			name = Main.storyboard;
			sourceTree = "<group>";
		};
		111788CD2271F16000CDCCE8 /* LaunchScreen.storyboard */ = {
			isa = PBXVariantGroup;
			children = (
				111788CE2271F16000CDCCE8 /* Base */,
			);
			name = LaunchScreen.storyboard;
			sourceTree = "<group>";
		};
		11BCD880228D4C2F0039333E /* MainInterface.storyboard */ = {
			isa = PBXVariantGroup;
			children = (
				11BCD881228D4C2F0039333E /* Base */,
			);
			name = MainInterface.storyboard;
			sourceTree = "<group>";
		};
/* End PBXVariantGroup section */

/* Begin XCBuildConfiguration section */
		111788E72271F16000CDCCE8 /* Debug */ = {
			isa = XCBuildConfiguration;
			buildSettings = {
				ALWAYS_SEARCH_USER_PATHS = NO;
				CLANG_ANALYZER_NONNULL = YES;
				CLANG_ANALYZER_NUMBER_OBJECT_CONVERSION = YES_AGGRESSIVE;
				CLANG_CXX_LANGUAGE_STANDARD = "gnu++14";
				CLANG_CXX_LIBRARY = "libc++";
				CLANG_ENABLE_MODULES = YES;
				CLANG_ENABLE_OBJC_ARC = YES;
				CLANG_ENABLE_OBJC_WEAK = YES;
				CLANG_WARN_BLOCK_CAPTURE_AUTORELEASING = YES;
				CLANG_WARN_BOOL_CONVERSION = YES;
				CLANG_WARN_COMMA = YES;
				CLANG_WARN_CONSTANT_CONVERSION = YES;
				CLANG_WARN_DEPRECATED_OBJC_IMPLEMENTATIONS = YES;
				CLANG_WARN_DIRECT_OBJC_ISA_USAGE = YES_ERROR;
				CLANG_WARN_DOCUMENTATION_COMMENTS = YES;
				CLANG_WARN_EMPTY_BODY = YES;
				CLANG_WARN_ENUM_CONVERSION = YES;
				CLANG_WARN_INFINITE_RECURSION = YES;
				CLANG_WARN_INT_CONVERSION = YES;
				CLANG_WARN_NON_LITERAL_NULL_CONVERSION = YES;
				CLANG_WARN_OBJC_IMPLICIT_RETAIN_SELF = YES;
				CLANG_WARN_OBJC_LITERAL_CONVERSION = YES;
				CLANG_WARN_OBJC_ROOT_CLASS = YES_ERROR;
				CLANG_WARN_RANGE_LOOP_ANALYSIS = YES;
				CLANG_WARN_STRICT_PROTOTYPES = YES;
				CLANG_WARN_SUSPICIOUS_MOVE = YES;
				CLANG_WARN_UNGUARDED_AVAILABILITY = YES_AGGRESSIVE;
				CLANG_WARN_UNREACHABLE_CODE = YES;
				CLANG_WARN__DUPLICATE_METHOD_MATCH = YES;
				CODE_SIGN_IDENTITY = "iPhone Developer";
				COPY_PHASE_STRIP = NO;
				DEBUG_INFORMATION_FORMAT = dwarf;
				ENABLE_STRICT_OBJC_MSGSEND = YES;
				ENABLE_TESTABILITY = YES;
				GCC_C_LANGUAGE_STANDARD = gnu11;
				GCC_DYNAMIC_NO_PIC = NO;
				GCC_NO_COMMON_BLOCKS = YES;
				GCC_OPTIMIZATION_LEVEL = 0;
				GCC_PREPROCESSOR_DEFINITIONS = (
					"DEBUG=1",
					"$(inherited)",
				);
				GCC_WARN_64_TO_32_BIT_CONVERSION = YES;
				GCC_WARN_ABOUT_RETURN_TYPE = YES_ERROR;
				GCC_WARN_UNDECLARED_SELECTOR = YES;
				GCC_WARN_UNINITIALIZED_AUTOS = YES_AGGRESSIVE;
				GCC_WARN_UNUSED_FUNCTION = YES;
				GCC_WARN_UNUSED_VARIABLE = YES;
				IPHONEOS_DEPLOYMENT_TARGET = 12.2;
				MTL_ENABLE_DEBUG_INFO = INCLUDE_SOURCE;
				MTL_FAST_MATH = YES;
				ONLY_ACTIVE_ARCH = YES;
				SDKROOT = iphoneos;
				SWIFT_ACTIVE_COMPILATION_CONDITIONS = DEBUG;
				SWIFT_OPTIMIZATION_LEVEL = "-Onone";
			};
			name = Debug;
		};
		111788E82271F16000CDCCE8 /* Release */ = {
			isa = XCBuildConfiguration;
			buildSettings = {
				ALWAYS_SEARCH_USER_PATHS = NO;
				CLANG_ANALYZER_NONNULL = YES;
				CLANG_ANALYZER_NUMBER_OBJECT_CONVERSION = YES_AGGRESSIVE;
				CLANG_CXX_LANGUAGE_STANDARD = "gnu++14";
				CLANG_CXX_LIBRARY = "libc++";
				CLANG_ENABLE_MODULES = YES;
				CLANG_ENABLE_OBJC_ARC = YES;
				CLANG_ENABLE_OBJC_WEAK = YES;
				CLANG_WARN_BLOCK_CAPTURE_AUTORELEASING = YES;
				CLANG_WARN_BOOL_CONVERSION = YES;
				CLANG_WARN_COMMA = YES;
				CLANG_WARN_CONSTANT_CONVERSION = YES;
				CLANG_WARN_DEPRECATED_OBJC_IMPLEMENTATIONS = YES;
				CLANG_WARN_DIRECT_OBJC_ISA_USAGE = YES_ERROR;
				CLANG_WARN_DOCUMENTATION_COMMENTS = YES;
				CLANG_WARN_EMPTY_BODY = YES;
				CLANG_WARN_ENUM_CONVERSION = YES;
				CLANG_WARN_INFINITE_RECURSION = YES;
				CLANG_WARN_INT_CONVERSION = YES;
				CLANG_WARN_NON_LITERAL_NULL_CONVERSION = YES;
				CLANG_WARN_OBJC_IMPLICIT_RETAIN_SELF = YES;
				CLANG_WARN_OBJC_LITERAL_CONVERSION = YES;
				CLANG_WARN_OBJC_ROOT_CLASS = YES_ERROR;
				CLANG_WARN_RANGE_LOOP_ANALYSIS = YES;
				CLANG_WARN_STRICT_PROTOTYPES = YES;
				CLANG_WARN_SUSPICIOUS_MOVE = YES;
				CLANG_WARN_UNGUARDED_AVAILABILITY = YES_AGGRESSIVE;
				CLANG_WARN_UNREACHABLE_CODE = YES;
				CLANG_WARN__DUPLICATE_METHOD_MATCH = YES;
				CODE_SIGN_IDENTITY = "iPhone Developer";
				COPY_PHASE_STRIP = NO;
				DEBUG_INFORMATION_FORMAT = "dwarf-with-dsym";
				ENABLE_NS_ASSERTIONS = NO;
				ENABLE_STRICT_OBJC_MSGSEND = YES;
				GCC_C_LANGUAGE_STANDARD = gnu11;
				GCC_NO_COMMON_BLOCKS = YES;
				GCC_WARN_64_TO_32_BIT_CONVERSION = YES;
				GCC_WARN_ABOUT_RETURN_TYPE = YES_ERROR;
				GCC_WARN_UNDECLARED_SELECTOR = YES;
				GCC_WARN_UNINITIALIZED_AUTOS = YES_AGGRESSIVE;
				GCC_WARN_UNUSED_FUNCTION = YES;
				GCC_WARN_UNUSED_VARIABLE = YES;
				IPHONEOS_DEPLOYMENT_TARGET = 12.2;
				MTL_ENABLE_DEBUG_INFO = NO;
				MTL_FAST_MATH = YES;
				SDKROOT = iphoneos;
				SWIFT_COMPILATION_MODE = wholemodule;
				SWIFT_OPTIMIZATION_LEVEL = "-O";
				VALIDATE_PRODUCT = YES;
			};
			name = Release;
		};
		111788EA2271F16000CDCCE8 /* Debug */ = {
			isa = XCBuildConfiguration;
			buildSettings = {
				ALWAYS_EMBED_SWIFT_STANDARD_LIBRARIES = YES;
				ASSETCATALOG_COMPILER_APPICON_NAME = AppIcon;
				CODE_SIGN_STYLE = Automatic;
				DEVELOPMENT_TEAM = "";
				INFOPLIST_FILE = Muffle/Info.plist;
				LD_RUNPATH_SEARCH_PATHS = (
					"$(inherited)",
					"@executable_path/Frameworks",
				);
				PRODUCT_BUNDLE_IDENTIFIER = at.scharez.Muffle;
				PRODUCT_NAME = "$(TARGET_NAME)";
				SWIFT_VERSION = 5.0;
				TARGETED_DEVICE_FAMILY = "1,2";
			};
			name = Debug;
		};
		111788EB2271F16000CDCCE8 /* Release */ = {
			isa = XCBuildConfiguration;
			buildSettings = {
				ALWAYS_EMBED_SWIFT_STANDARD_LIBRARIES = YES;
				ASSETCATALOG_COMPILER_APPICON_NAME = AppIcon;
				CODE_SIGN_STYLE = Automatic;
				DEVELOPMENT_TEAM = "";
				INFOPLIST_FILE = Muffle/Info.plist;
				LD_RUNPATH_SEARCH_PATHS = (
					"$(inherited)",
					"@executable_path/Frameworks",
				);
				PRODUCT_BUNDLE_IDENTIFIER = at.scharez.Muffle;
				PRODUCT_NAME = "$(TARGET_NAME)";
				SWIFT_VERSION = 5.0;
				TARGETED_DEVICE_FAMILY = "1,2";
			};
			name = Release;
		};
		111788ED2271F16000CDCCE8 /* Debug */ = {
			isa = XCBuildConfiguration;
			buildSettings = {
				ALWAYS_EMBED_SWIFT_STANDARD_LIBRARIES = YES;
				BUNDLE_LOADER = "$(TEST_HOST)";
				CODE_SIGN_STYLE = Automatic;
				DEVELOPMENT_TEAM = D7KPA3MKAF;
				INFOPLIST_FILE = MuffleTests/Info.plist;
				LD_RUNPATH_SEARCH_PATHS = (
					"$(inherited)",
					"@executable_path/Frameworks",
					"@loader_path/Frameworks",
				);
				PRODUCT_BUNDLE_IDENTIFIER = at.scharez.MuffleTests;
				PRODUCT_NAME = "$(TARGET_NAME)";
				SWIFT_VERSION = 5.0;
				TARGETED_DEVICE_FAMILY = "1,2";
				TEST_HOST = "$(BUILT_PRODUCTS_DIR)/Muffle.app/Muffle";
			};
			name = Debug;
		};
		111788EE2271F16000CDCCE8 /* Release */ = {
			isa = XCBuildConfiguration;
			buildSettings = {
				ALWAYS_EMBED_SWIFT_STANDARD_LIBRARIES = YES;
				BUNDLE_LOADER = "$(TEST_HOST)";
				CODE_SIGN_STYLE = Automatic;
				DEVELOPMENT_TEAM = D7KPA3MKAF;
				INFOPLIST_FILE = MuffleTests/Info.plist;
				LD_RUNPATH_SEARCH_PATHS = (
					"$(inherited)",
					"@executable_path/Frameworks",
					"@loader_path/Frameworks",
				);
				PRODUCT_BUNDLE_IDENTIFIER = at.scharez.MuffleTests;
				PRODUCT_NAME = "$(TARGET_NAME)";
				SWIFT_VERSION = 5.0;
				TARGETED_DEVICE_FAMILY = "1,2";
				TEST_HOST = "$(BUILT_PRODUCTS_DIR)/Muffle.app/Muffle";
			};
			name = Release;
		};
		111788F02271F16000CDCCE8 /* Debug */ = {
			isa = XCBuildConfiguration;
			buildSettings = {
				ALWAYS_EMBED_SWIFT_STANDARD_LIBRARIES = YES;
				CODE_SIGN_STYLE = Automatic;
				DEVELOPMENT_TEAM = D7KPA3MKAF;
				INFOPLIST_FILE = MuffleUITests/Info.plist;
				LD_RUNPATH_SEARCH_PATHS = (
					"$(inherited)",
					"@executable_path/Frameworks",
					"@loader_path/Frameworks",
				);
				PRODUCT_BUNDLE_IDENTIFIER = at.scharez.MuffleUITests;
				PRODUCT_NAME = "$(TARGET_NAME)";
				SWIFT_VERSION = 5.0;
				TARGETED_DEVICE_FAMILY = "1,2";
				TEST_TARGET_NAME = Muffle;
			};
			name = Debug;
		};
		111788F12271F16000CDCCE8 /* Release */ = {
			isa = XCBuildConfiguration;
			buildSettings = {
				ALWAYS_EMBED_SWIFT_STANDARD_LIBRARIES = YES;
				CODE_SIGN_STYLE = Automatic;
				DEVELOPMENT_TEAM = D7KPA3MKAF;
				INFOPLIST_FILE = MuffleUITests/Info.plist;
				LD_RUNPATH_SEARCH_PATHS = (
					"$(inherited)",
					"@executable_path/Frameworks",
					"@loader_path/Frameworks",
				);
				PRODUCT_BUNDLE_IDENTIFIER = at.scharez.MuffleUITests;
				PRODUCT_NAME = "$(TARGET_NAME)";
				SWIFT_VERSION = 5.0;
				TARGETED_DEVICE_FAMILY = "1,2";
				TEST_TARGET_NAME = Muffle;
			};
			name = Release;
		};
		11435EE2228D45CC00BD9BDF /* Debug */ = {
			isa = XCBuildConfiguration;
			buildSettings = {
				CODE_SIGN_STYLE = Automatic;
				DEVELOPMENT_TEAM = D7KPA3MKAF;
				INFOPLIST_FILE = ShareToMuffle/Info.plist;
				LD_RUNPATH_SEARCH_PATHS = (
					"$(inherited)",
					"@executable_path/Frameworks",
					"@executable_path/../../Frameworks",
				);
				PRODUCT_BUNDLE_IDENTIFIER = at.scharez.Muffle.ShareToMuffle;
				PRODUCT_NAME = "$(TARGET_NAME)";
				SKIP_INSTALL = YES;
				SWIFT_VERSION = 5.0;
				TARGETED_DEVICE_FAMILY = "1,2";
			};
			name = Debug;
		};
		11435EE3228D45CC00BD9BDF /* Release */ = {
			isa = XCBuildConfiguration;
			buildSettings = {
				CODE_SIGN_STYLE = Automatic;
				DEVELOPMENT_TEAM = D7KPA3MKAF;
				INFOPLIST_FILE = ShareToMuffle/Info.plist;
				LD_RUNPATH_SEARCH_PATHS = (
					"$(inherited)",
					"@executable_path/Frameworks",
					"@executable_path/../../Frameworks",
				);
				PRODUCT_BUNDLE_IDENTIFIER = at.scharez.Muffle.ShareToMuffle;
				PRODUCT_NAME = "$(TARGET_NAME)";
				SKIP_INSTALL = YES;
				SWIFT_VERSION = 5.0;
				TARGETED_DEVICE_FAMILY = "1,2";
			};
			name = Release;
		};
		11BCD887228D4C2F0039333E /* Debug */ = {
			isa = XCBuildConfiguration;
			buildSettings = {
				CODE_SIGN_STYLE = Automatic;
				DEVELOPMENT_TEAM = D7KPA3MKAF;
				INFOPLIST_FILE = MuffleShare/Info.plist;
				LD_RUNPATH_SEARCH_PATHS = (
					"$(inherited)",
					"@executable_path/Frameworks",
					"@executable_path/../../Frameworks",
				);
				PRODUCT_BUNDLE_IDENTIFIER = at.scharez.Muffle.MuffleShare;
				PRODUCT_NAME = "$(TARGET_NAME)";
				SKIP_INSTALL = YES;
				SWIFT_VERSION = 5.0;
				TARGETED_DEVICE_FAMILY = "1,2";
			};
			name = Debug;
		};
		11BCD888228D4C2F0039333E /* Release */ = {
			isa = XCBuildConfiguration;
			buildSettings = {
				CODE_SIGN_STYLE = Automatic;
				DEVELOPMENT_TEAM = D7KPA3MKAF;
				INFOPLIST_FILE = MuffleShare/Info.plist;
				LD_RUNPATH_SEARCH_PATHS = (
					"$(inherited)",
					"@executable_path/Frameworks",
					"@executable_path/../../Frameworks",
				);
				PRODUCT_BUNDLE_IDENTIFIER = at.scharez.Muffle.MuffleShare;
				PRODUCT_NAME = "$(TARGET_NAME)";
				SKIP_INSTALL = YES;
				SWIFT_VERSION = 5.0;
				TARGETED_DEVICE_FAMILY = "1,2";
			};
			name = Release;
		};
/* End XCBuildConfiguration section */

/* Begin XCConfigurationList section */
		111788BC2271F15F00CDCCE8 /* Build configuration list for PBXProject "Muffle" */ = {
			isa = XCConfigurationList;
			buildConfigurations = (
				111788E72271F16000CDCCE8 /* Debug */,
				111788E82271F16000CDCCE8 /* Release */,
			);
			defaultConfigurationIsVisible = 0;
			defaultConfigurationName = Release;
		};
		111788E92271F16000CDCCE8 /* Build configuration list for PBXNativeTarget "Muffle" */ = {
			isa = XCConfigurationList;
			buildConfigurations = (
				111788EA2271F16000CDCCE8 /* Debug */,
				111788EB2271F16000CDCCE8 /* Release */,
			);
			defaultConfigurationIsVisible = 0;
			defaultConfigurationName = Release;
		};
		111788EC2271F16000CDCCE8 /* Build configuration list for PBXNativeTarget "MuffleTests" */ = {
			isa = XCConfigurationList;
			buildConfigurations = (
				111788ED2271F16000CDCCE8 /* Debug */,
				111788EE2271F16000CDCCE8 /* Release */,
			);
			defaultConfigurationIsVisible = 0;
			defaultConfigurationName = Release;
		};
		111788EF2271F16000CDCCE8 /* Build configuration list for PBXNativeTarget "MuffleUITests" */ = {
			isa = XCConfigurationList;
			buildConfigurations = (
				111788F02271F16000CDCCE8 /* Debug */,
				111788F12271F16000CDCCE8 /* Release */,
			);
			defaultConfigurationIsVisible = 0;
			defaultConfigurationName = Release;
		};
		11435EE4228D45CC00BD9BDF /* Build configuration list for PBXNativeTarget "ShareToMuffle" */ = {
			isa = XCConfigurationList;
			buildConfigurations = (
				11435EE2228D45CC00BD9BDF /* Debug */,
				11435EE3228D45CC00BD9BDF /* Release */,
			);
			defaultConfigurationIsVisible = 0;
			defaultConfigurationName = Release;
		};
		11BCD889228D4C2F0039333E /* Build configuration list for PBXNativeTarget "MuffleShare" */ = {
			isa = XCConfigurationList;
			buildConfigurations = (
				11BCD887228D4C2F0039333E /* Debug */,
				11BCD888228D4C2F0039333E /* Release */,
			);
			defaultConfigurationIsVisible = 0;
			defaultConfigurationName = Release;
		};
/* End XCConfigurationList section */
	};
	rootObject = 111788B92271F15F00CDCCE8 /* Project object */;
}
